
Microsoft Visual Studio Solution File, Format Version 12.00
# Visual Studio 2012
Project("{FAE04EC0-301F-11D3-BF4B-00C04F79EFBC}") = "Recursive", "Recursive\Recursive.csproj", "{94D13C32-53AB-4901-AA09-124EDADF2CDD}"
EndProject
Global
	GlobalSection(SolutionConfigurationPlatforms) = preSolution
		Debug|x86 = Debug|x86
		Release|x86 = Release|x86
	EndGlobalSection
	GlobalSection(ProjectConfigurationPlatforms) = postSolution
		{94D13C32-53AB-4901-AA09-124EDADF2CDD}.Debug|x86.ActiveCfg = Debug|x86
		{94D13C32-53AB-4901-AA09-124EDADF2CDD}.Debug|x86.Build.0 = Debug|x86
		{94D13C32-53AB-4901-AA09-124EDADF2CDD}.Release|x86.ActiveCfg = Release|x86
		{94D13C32-53AB-4901-AA09-124EDADF2CDD}.Release|x86.Build.0 = Release|x86
	EndGlobalSection
	GlobalSection(MonoDevelopProperties) = preSolution
		StartupItem = Recursive\Recursive.csproj
	EndGlobalSection
EndGlobal
